// !$*UTF8*$!
{
	archiveVersion = 1;
	classes = {
	};
	objectVersion = 51;
	objects = {

/* Begin PBXBuildFile section */
		64D5E85A69407EEF578DC7DD /* Pods_KeepIt_iOS.framework in Frameworks */ = {isa = PBXBuildFile; fileRef = 11F6CFD3EC21E840CCC5FF63 /* Pods_KeepIt_iOS.framework */; };
		A82F1B222710613E0046E1C6 /* Presenter.swift in Sources */ = {isa = PBXBuildFile; fileRef = A82F1B212710613E0046E1C6 /* Presenter.swift */; };
		A82F1B242710616E0046E1C6 /* Model.swift in Sources */ = {isa = PBXBuildFile; fileRef = A82F1B232710616E0046E1C6 /* Model.swift */; };
		A87D70A32700BBB300C723F9 /* AppDelegate.swift in Sources */ = {isa = PBXBuildFile; fileRef = A87D70A22700BBB300C723F9 /* AppDelegate.swift */; };
		A87D70A72700BBB300C723F9 /* MainViewController.swift in Sources */ = {isa = PBXBuildFile; fileRef = A87D70A62700BBB300C723F9 /* MainViewController.swift */; };
		A87D70AD2700BBB300C723F9 /* KeepIt_iOS.xcdatamodeld in Sources */ = {isa = PBXBuildFile; fileRef = A87D70AB2700BBB300C723F9 /* KeepIt_iOS.xcdatamodeld */; };
		A87D70AF2700BBB500C723F9 /* Assets.xcassets in Resources */ = {isa = PBXBuildFile; fileRef = A87D70AE2700BBB500C723F9 /* Assets.xcassets */; };
		A87D70B22700BBB500C723F9 /* LaunchScreen.storyboard in Resources */ = {isa = PBXBuildFile; fileRef = A87D70B02700BBB500C723F9 /* LaunchScreen.storyboard */; };
		A8A6D9FB273D5AD900C84C52 /* BackButtonExtension.swift in Sources */ = {isa = PBXBuildFile; fileRef = A8A6D9FA273D5AD900C84C52 /* BackButtonExtension.swift */; };
		A8CF4DBF272873AD00FBF0CA /* nanum_regular.ttf in Resources */ = {isa = PBXBuildFile; fileRef = A8CF4DBB272873AD00FBF0CA /* nanum_regular.ttf */; };
		A8CF4DC0272873AD00FBF0CA /* nanum_extrabold.ttf in Resources */ = {isa = PBXBuildFile; fileRef = A8CF4DBC272873AD00FBF0CA /* nanum_extrabold.ttf */; };
		A8CF4DC1272873AD00FBF0CA /* nanum_light.ttf in Resources */ = {isa = PBXBuildFile; fileRef = A8CF4DBD272873AD00FBF0CA /* nanum_light.ttf */; };
		A8CF4DC2272873AD00FBF0CA /* nanum_bold.ttf in Resources */ = {isa = PBXBuildFile; fileRef = A8CF4DBE272873AD00FBF0CA /* nanum_bold.ttf */; };
		A8CF4DC627287CA500FBF0CA /* UIColor.swift in Sources */ = {isa = PBXBuildFile; fileRef = A8CF4DC527287CA500FBF0CA /* UIColor.swift */; };
		A8CF4DCA2729B7E200FBF0CA /* SettingViewController.swift in Sources */ = {isa = PBXBuildFile; fileRef = A8CF4DC92729B7E200FBF0CA /* SettingViewController.swift */; };
/* End PBXBuildFile section */

/* Begin PBXFileReference section */
		11F6CFD3EC21E840CCC5FF63 /* Pods_KeepIt_iOS.framework */ = {isa = PBXFileReference; explicitFileType = wrapper.framework; includeInIndex = 0; path = Pods_KeepIt_iOS.framework; sourceTree = BUILT_PRODUCTS_DIR; };
		1D2A30A922B06693196FA95D /* Pods-KeepIt-iOS.debug.xcconfig */ = {isa = PBXFileReference; includeInIndex = 1; lastKnownFileType = text.xcconfig; name = "Pods-KeepIt-iOS.debug.xcconfig"; path = "Target Support Files/Pods-KeepIt-iOS/Pods-KeepIt-iOS.debug.xcconfig"; sourceTree = "<group>"; };
		A82F1B212710613E0046E1C6 /* Presenter.swift */ = {isa = PBXFileReference; lastKnownFileType = sourcecode.swift; path = Presenter.swift; sourceTree = "<group>"; };
		A82F1B232710616E0046E1C6 /* Model.swift */ = {isa = PBXFileReference; lastKnownFileType = sourcecode.swift; path = Model.swift; sourceTree = "<group>"; };
		A87D709F2700BBB300C723F9 /* KeepIt-iOS.app */ = {isa = PBXFileReference; explicitFileType = wrapper.application; includeInIndex = 0; path = "KeepIt-iOS.app"; sourceTree = BUILT_PRODUCTS_DIR; };
		A87D70A22700BBB300C723F9 /* AppDelegate.swift */ = {isa = PBXFileReference; lastKnownFileType = sourcecode.swift; path = AppDelegate.swift; sourceTree = "<group>"; };
		A87D70A62700BBB300C723F9 /* MainViewController.swift */ = {isa = PBXFileReference; lastKnownFileType = sourcecode.swift; path = MainViewController.swift; sourceTree = "<group>"; };
		A87D70AC2700BBB300C723F9 /* KeepIt_iOS.xcdatamodel */ = {isa = PBXFileReference; lastKnownFileType = wrapper.xcdatamodel; path = KeepIt_iOS.xcdatamodel; sourceTree = "<group>"; };
		A87D70AE2700BBB500C723F9 /* Assets.xcassets */ = {isa = PBXFileReference; lastKnownFileType = folder.assetcatalog; path = Assets.xcassets; sourceTree = "<group>"; };
		A87D70B12700BBB500C723F9 /* Base */ = {isa = PBXFileReference; lastKnownFileType = file.storyboard; name = Base; path = Base.lproj/LaunchScreen.storyboard; sourceTree = "<group>"; };
		A8A6D9FA273D5AD900C84C52 /* BackButtonExtension.swift */ = {isa = PBXFileReference; lastKnownFileType = sourcecode.swift; path = BackButtonExtension.swift; sourceTree = "<group>"; };
		A8A6D9FF273D5CDD00C84C52 /* Info.plist */ = {isa = PBXFileReference; fileEncoding = 4; lastKnownFileType = text.plist.xml; name = Info.plist; path = ../Info.plist; sourceTree = "<group>"; };
		A8CF4DBB272873AD00FBF0CA /* nanum_regular.ttf */ = {isa = PBXFileReference; lastKnownFileType = file; path = nanum_regular.ttf; sourceTree = "<group>"; };
		A8CF4DBC272873AD00FBF0CA /* nanum_extrabold.ttf */ = {isa = PBXFileReference; lastKnownFileType = file; path = nanum_extrabold.ttf; sourceTree = "<group>"; };
		A8CF4DBD272873AD00FBF0CA /* nanum_light.ttf */ = {isa = PBXFileReference; lastKnownFileType = file; path = nanum_light.ttf; sourceTree = "<group>"; };
		A8CF4DBE272873AD00FBF0CA /* nanum_bold.ttf */ = {isa = PBXFileReference; lastKnownFileType = file; path = nanum_bold.ttf; sourceTree = "<group>"; };
		A8CF4DC527287CA500FBF0CA /* UIColor.swift */ = {isa = PBXFileReference; lastKnownFileType = sourcecode.swift; path = UIColor.swift; sourceTree = "<group>"; };
		A8CF4DC92729B7E200FBF0CA /* SettingViewController.swift */ = {isa = PBXFileReference; lastKnownFileType = sourcecode.swift; path = SettingViewController.swift; sourceTree = "<group>"; };
		D522776951E35174FCE0CA39 /* Pods-KeepIt-iOS.release.xcconfig */ = {isa = PBXFileReference; includeInIndex = 1; lastKnownFileType = text.xcconfig; name = "Pods-KeepIt-iOS.release.xcconfig"; path = "Target Support Files/Pods-KeepIt-iOS/Pods-KeepIt-iOS.release.xcconfig"; sourceTree = "<group>"; };
/* End PBXFileReference section */

/* Begin PBXFrameworksBuildPhase section */
		A87D709C2700BBB300C723F9 /* Frameworks */ = {
			isa = PBXFrameworksBuildPhase;
			buildActionMask = 2147483647;
			files = (
				64D5E85A69407EEF578DC7DD /* Pods_KeepIt_iOS.framework in Frameworks */,
			);
			runOnlyForDeploymentPostprocessing = 0;
		};
/* End PBXFrameworksBuildPhase section */

/* Begin PBXGroup section */
		38D93108CE1548F0C81EC3DE /* Pods */ = {
			isa = PBXGroup;
			children = (
				1D2A30A922B06693196FA95D /* Pods-KeepIt-iOS.debug.xcconfig */,
				D522776951E35174FCE0CA39 /* Pods-KeepIt-iOS.release.xcconfig */,
			);
			path = Pods;
			sourceTree = "<group>";
		};
		A82F1B1E271060D50046E1C6 /* Model */ = {
			isa = PBXGroup;
			children = (
				A82F1B232710616E0046E1C6 /* Model.swift */,
			);
			path = Model;
			sourceTree = "<group>";
		};
		A82F1B1F271060DE0046E1C6 /* View */ = {
			isa = PBXGroup;
			children = (
				A87D70A62700BBB300C723F9 /* MainViewController.swift */,
				A8CF4DC92729B7E200FBF0CA /* SettingViewController.swift */,
			);
			path = View;
			sourceTree = "<group>";
		};
		A82F1B20271060E50046E1C6 /* Presenter */ = {
			isa = PBXGroup;
			children = (
				A82F1B212710613E0046E1C6 /* Presenter.swift */,
			);
			path = Presenter;
			sourceTree = "<group>";
		};
		A87D70962700BBB300C723F9 = {
			isa = PBXGroup;
			children = (
				A87D70A12700BBB300C723F9 /* KeepIt-iOS */,
				A87D70A02700BBB300C723F9 /* Products */,
				38D93108CE1548F0C81EC3DE /* Pods */,
				F93C500EDDF931745630994D /* Frameworks */,
			);
			sourceTree = "<group>";
		};
		A87D70A02700BBB300C723F9 /* Products */ = {
			isa = PBXGroup;
			children = (
				A87D709F2700BBB300C723F9 /* KeepIt-iOS.app */,
			);
			name = Products;
			sourceTree = "<group>";
		};
		A87D70A12700BBB300C723F9 /* KeepIt-iOS */ = {
			isa = PBXGroup;
			children = (
				A8A6D9FC273D5B1C00C84C52 /* Resource */,
				A8A6D9FD273D5B2900C84C52 /* Source */,
				A8A6D9FE273D5B5A00C84C52 /* System */,
			);
			path = "KeepIt-iOS";
			sourceTree = "<group>";
		};
		A8A6D9FC273D5B1C00C84C52 /* Resource */ = {
			isa = PBXGroup;
			children = (
				A8A6D9FF273D5CDD00C84C52 /* Info.plist */,
				A8CF4DA527286F8700FBF0CA /* Fonts */,
				A87D70AE2700BBB500C723F9 /* Assets.xcassets */,
			);
			path = Resource;
			sourceTree = "<group>";
		};
		A8A6D9FD273D5B2900C84C52 /* Source */ = {
			isa = PBXGroup;
			children = (
				A8CF4DC427287C9400FBF0CA /* Extension */,
				A82F1B1F271060DE0046E1C6 /* View */,
				A82F1B1E271060D50046E1C6 /* Model */,
				A82F1B20271060E50046E1C6 /* Presenter */,
			);
			path = Source;
			sourceTree = "<group>";
		};
		A8A6D9FE273D5B5A00C84C52 /* System */ = {
			isa = PBXGroup;
			children = (
				A87D70B02700BBB500C723F9 /* LaunchScreen.storyboard */,
				A87D70AB2700BBB300C723F9 /* KeepIt_iOS.xcdatamodeld */,
				A87D70A22700BBB300C723F9 /* AppDelegate.swift */,
			);
			path = System;
			sourceTree = "<group>";
		};
		A8CF4DA527286F8700FBF0CA /* Fonts */ = {
			isa = PBXGroup;
			children = (
				A8CF4DBE272873AD00FBF0CA /* nanum_bold.ttf */,
				A8CF4DBC272873AD00FBF0CA /* nanum_extrabold.ttf */,
				A8CF4DBD272873AD00FBF0CA /* nanum_light.ttf */,
				A8CF4DBB272873AD00FBF0CA /* nanum_regular.ttf */,
			);
			path = Fonts;
			sourceTree = "<group>";
		};
		A8CF4DC427287C9400FBF0CA /* Extension */ = {
			isa = PBXGroup;
			children = (
				A8CF4DC527287CA500FBF0CA /* UIColor.swift */,
				A8A6D9FA273D5AD900C84C52 /* BackButtonExtension.swift */,
			);
			path = Extension;
			sourceTree = "<group>";
		};
		F93C500EDDF931745630994D /* Frameworks */ = {
			isa = PBXGroup;
			children = (
				11F6CFD3EC21E840CCC5FF63 /* Pods_KeepIt_iOS.framework */,
			);
			name = Frameworks;
			sourceTree = "<group>";
		};
/* End PBXGroup section */

/* Begin PBXNativeTarget section */
		A87D709E2700BBB300C723F9 /* KeepIt-iOS */ = {
			isa = PBXNativeTarget;
			buildConfigurationList = A87D70B62700BBB500C723F9 /* Build configuration list for PBXNativeTarget "KeepIt-iOS" */;
			buildPhases = (
				CEE7CB221710BC0A608DD50D /* [CP] Check Pods Manifest.lock */,
				A87D709B2700BBB300C723F9 /* Sources */,
				A87D709C2700BBB300C723F9 /* Frameworks */,
				A87D709D2700BBB300C723F9 /* Resources */,
				C2ED816941BFD0791242D9ED /* [CP] Embed Pods Frameworks */,
			);
			buildRules = (
			);
			dependencies = (
			);
			name = "KeepIt-iOS";
			productName = "KeepIt-iOS";
			productReference = A87D709F2700BBB300C723F9 /* KeepIt-iOS.app */;
			productType = "com.apple.product-type.application";
		};
/* End PBXNativeTarget section */

/* Begin PBXProject section */
		A87D70972700BBB300C723F9 /* Project object */ = {
			isa = PBXProject;
			attributes = {
				LastSwiftUpdateCheck = 1250;
				LastUpgradeCheck = 1250;
				TargetAttributes = {
					A87D709E2700BBB300C723F9 = {
						CreatedOnToolsVersion = 12.5.1;
					};
				};
			};
			buildConfigurationList = A87D709A2700BBB300C723F9 /* Build configuration list for PBXProject "KeepIt-iOS" */;
			compatibilityVersion = "Xcode 9.3";
			developmentRegion = en;
			hasScannedForEncodings = 0;
			knownRegions = (
				en,
				Base,
			);
			mainGroup = A87D70962700BBB300C723F9;
			productRefGroup = A87D70A02700BBB300C723F9 /* Products */;
			projectDirPath = "";
			projectRoot = "";
			targets = (
				A87D709E2700BBB300C723F9 /* KeepIt-iOS */,
			);
		};
/* End PBXProject section */

/* Begin PBXResourcesBuildPhase section */
		A87D709D2700BBB300C723F9 /* Resources */ = {
			isa = PBXResourcesBuildPhase;
			buildActionMask = 2147483647;
			files = (
				A87D70B22700BBB500C723F9 /* LaunchScreen.storyboard in Resources */,
				A8CF4DC1272873AD00FBF0CA /* nanum_light.ttf in Resources */,
				A8CF4DBF272873AD00FBF0CA /* nanum_regular.ttf in Resources */,
				A8CF4DC2272873AD00FBF0CA /* nanum_bold.ttf in Resources */,
				A8CF4DC0272873AD00FBF0CA /* nanum_extrabold.ttf in Resources */,
				A87D70AF2700BBB500C723F9 /* Assets.xcassets in Resources */,
			);
			runOnlyForDeploymentPostprocessing = 0;
		};
/* End PBXResourcesBuildPhase section */

/* Begin PBXShellScriptBuildPhase section */
		C2ED816941BFD0791242D9ED /* [CP] Embed Pods Frameworks */ = {
			isa = PBXShellScriptBuildPhase;
			buildActionMask = 2147483647;
			files = (
			);
			inputFileListPaths = (
				"${PODS_ROOT}/Target Support Files/Pods-KeepIt-iOS/Pods-KeepIt-iOS-frameworks-${CONFIGURATION}-input-files.xcfilelist",
			);
			name = "[CP] Embed Pods Frameworks";
			outputFileListPaths = (
				"${PODS_ROOT}/Target Support Files/Pods-KeepIt-iOS/Pods-KeepIt-iOS-frameworks-${CONFIGURATION}-output-files.xcfilelist",
			);
			runOnlyForDeploymentPostprocessing = 0;
			shellPath = /bin/sh;
			shellScript = "\"${PODS_ROOT}/Target Support Files/Pods-KeepIt-iOS/Pods-KeepIt-iOS-frameworks.sh\"\n";
			showEnvVarsInLog = 0;
		};
		CEE7CB221710BC0A608DD50D /* [CP] Check Pods Manifest.lock */ = {
			isa = PBXShellScriptBuildPhase;
			buildActionMask = 2147483647;
			files = (
			);
			inputFileListPaths = (
			);
			inputPaths = (
				"${PODS_PODFILE_DIR_PATH}/Podfile.lock",
				"${PODS_ROOT}/Manifest.lock",
			);
			name = "[CP] Check Pods Manifest.lock";
			outputFileListPaths = (
			);
			outputPaths = (
				"$(DERIVED_FILE_DIR)/Pods-KeepIt-iOS-checkManifestLockResult.txt",
			);
			runOnlyForDeploymentPostprocessing = 0;
			shellPath = /bin/sh;
			shellScript = "diff \"${PODS_PODFILE_DIR_PATH}/Podfile.lock\" \"${PODS_ROOT}/Manifest.lock\" > /dev/null\nif [ $? != 0 ] ; then\n    # print error to STDERR\n    echo \"error: The sandbox is not in sync with the Podfile.lock. Run 'pod install' or update your CocoaPods installation.\" >&2\n    exit 1\nfi\n# This output is used by Xcode 'outputs' to avoid re-running this script phase.\necho \"SUCCESS\" > \"${SCRIPT_OUTPUT_FILE_0}\"\n";
			showEnvVarsInLog = 0;
		};
/* End PBXShellScriptBuildPhase section */

/* Begin PBXSourcesBuildPhase section */
		A87D709B2700BBB300C723F9 /* Sources */ = {
			isa = PBXSourcesBuildPhase;
			buildActionMask = 2147483647;
			files = (
				A87D70A72700BBB300C723F9 /* MainViewController.swift in Sources */,
				A8CF4DC627287CA500FBF0CA /* UIColor.swift in Sources */,
				A87D70A32700BBB300C723F9 /* AppDelegate.swift in Sources */,
				A8CF4DCA2729B7E200FBF0CA /* SettingViewController.swift in Sources */,
				A82F1B242710616E0046E1C6 /* Model.swift in Sources */,
				A82F1B222710613E0046E1C6 /* Presenter.swift in Sources */,
				A8A6D9FB273D5AD900C84C52 /* BackButtonExtension.swift in Sources */,
				A87D70AD2700BBB300C723F9 /* KeepIt_iOS.xcdatamodeld in Sources */,
			);
			runOnlyForDeploymentPostprocessing = 0;
		};
/* End PBXSourcesBuildPhase section */

/* Begin PBXVariantGroup section */
		A87D70B02700BBB500C723F9 /* LaunchScreen.storyboard */ = {
			isa = PBXVariantGroup;
			children = (
				A87D70B12700BBB500C723F9 /* Base */,
			);
			name = LaunchScreen.storyboard;
			sourceTree = "<group>";
		};
/* End PBXVariantGroup section */

/* Begin XCBuildConfiguration section */
		A87D70B42700BBB500C723F9 /* Debug */ = {
			isa = XCBuildConfiguration;
			buildSettings = {
				ALWAYS_SEARCH_USER_PATHS = NO;
				CLANG_ANALYZER_NONNULL = YES;
				CLANG_ANALYZER_NUMBER_OBJECT_CONVERSION = YES_AGGRESSIVE;
				CLANG_CXX_LANGUAGE_STANDARD = "gnu++14";
				CLANG_CXX_LIBRARY = "libc++";
				CLANG_ENABLE_MODULES = YES;
				CLANG_ENABLE_OBJC_ARC = YES;
				CLANG_ENABLE_OBJC_WEAK = YES;
				CLANG_WARN_BLOCK_CAPTURE_AUTORELEASING = YES;
				CLANG_WARN_BOOL_CONVERSION = YES;
				CLANG_WARN_COMMA = YES;
				CLANG_WARN_CONSTANT_CONVERSION = YES;
				CLANG_WARN_DEPRECATED_OBJC_IMPLEMENTATIONS = YES;
				CLANG_WARN_DIRECT_OBJC_ISA_USAGE = YES_ERROR;
				CLANG_WARN_DOCUMENTATION_COMMENTS = YES;
				CLANG_WARN_EMPTY_BODY = YES;
				CLANG_WARN_ENUM_CONVERSION = YES;
				CLANG_WARN_INFINITE_RECURSION = YES;
				CLANG_WARN_INT_CONVERSION = YES;
				CLANG_WARN_NON_LITERAL_NULL_CONVERSION = YES;
				CLANG_WARN_OBJC_IMPLICIT_RETAIN_SELF = YES;
				CLANG_WARN_OBJC_LITERAL_CONVERSION = YES;
				CLANG_WARN_OBJC_ROOT_CLASS = YES_ERROR;
				CLANG_WARN_QUOTED_INCLUDE_IN_FRAMEWORK_HEADER = YES;
				CLANG_WARN_RANGE_LOOP_ANALYSIS = YES;
				CLANG_WARN_STRICT_PROTOTYPES = YES;
				CLANG_WARN_SUSPICIOUS_MOVE = YES;
				CLANG_WARN_UNGUARDED_AVAILABILITY = YES_AGGRESSIVE;
				CLANG_WARN_UNREACHABLE_CODE = YES;
				CLANG_WARN__DUPLICATE_METHOD_MATCH = YES;
				COPY_PHASE_STRIP = NO;
				DEBUG_INFORMATION_FORMAT = dwarf;
				ENABLE_STRICT_OBJC_MSGSEND = YES;
				ENABLE_TESTABILITY = YES;
				GCC_C_LANGUAGE_STANDARD = gnu11;
				GCC_DYNAMIC_NO_PIC = NO;
				GCC_NO_COMMON_BLOCKS = YES;
				GCC_OPTIMIZATION_LEVEL = 0;
				GCC_PREPROCESSOR_DEFINITIONS = (
					"DEBUG=1",
					"$(inherited)",
				);
				GCC_WARN_64_TO_32_BIT_CONVERSION = YES;
				GCC_WARN_ABOUT_RETURN_TYPE = YES_ERROR;
				GCC_WARN_UNDECLARED_SELECTOR = YES;
				GCC_WARN_UNINITIALIZED_AUTOS = YES_AGGRESSIVE;
				GCC_WARN_UNUSED_FUNCTION = YES;
				GCC_WARN_UNUSED_VARIABLE = YES;
				IPHONEOS_DEPLOYMENT_TARGET = 13.0;
				MTL_ENABLE_DEBUG_INFO = INCLUDE_SOURCE;
				MTL_FAST_MATH = YES;
				ONLY_ACTIVE_ARCH = YES;
				SDKROOT = iphoneos;
				SWIFT_ACTIVE_COMPILATION_CONDITIONS = DEBUG;
				SWIFT_OPTIMIZATION_LEVEL = "-Onone";
			};
			name = Debug;
		};
		A87D70B52700BBB500C723F9 /* Release */ = {
			isa = XCBuildConfiguration;
			buildSettings = {
				ALWAYS_SEARCH_USER_PATHS = NO;
				CLANG_ANALYZER_NONNULL = YES;
				CLANG_ANALYZER_NUMBER_OBJECT_CONVERSION = YES_AGGRESSIVE;
				CLANG_CXX_LANGUAGE_STANDARD = "gnu++14";
				CLANG_CXX_LIBRARY = "libc++";
				CLANG_ENABLE_MODULES = YES;
				CLANG_ENABLE_OBJC_ARC = YES;
				CLANG_ENABLE_OBJC_WEAK = YES;
				CLANG_WARN_BLOCK_CAPTURE_AUTORELEASING = YES;
				CLANG_WARN_BOOL_CONVERSION = YES;
				CLANG_WARN_COMMA = YES;
				CLANG_WARN_CONSTANT_CONVERSION = YES;
				CLANG_WARN_DEPRECATED_OBJC_IMPLEMENTATIONS = YES;
				CLANG_WARN_DIRECT_OBJC_ISA_USAGE = YES_ERROR;
				CLANG_WARN_DOCUMENTATION_COMMENTS = YES;
				CLANG_WARN_EMPTY_BODY = YES;
				CLANG_WARN_ENUM_CONVERSION = YES;
				CLANG_WARN_INFINITE_RECURSION = YES;
				CLANG_WARN_INT_CONVERSION = YES;
				CLANG_WARN_NON_LITERAL_NULL_CONVERSION = YES;
				CLANG_WARN_OBJC_IMPLICIT_RETAIN_SELF = YES;
				CLANG_WARN_OBJC_LITERAL_CONVERSION = YES;
				CLANG_WARN_OBJC_ROOT_CLASS = YES_ERROR;
				CLANG_WARN_QUOTED_INCLUDE_IN_FRAMEWORK_HEADER = YES;
				CLANG_WARN_RANGE_LOOP_ANALYSIS = YES;
				CLANG_WARN_STRICT_PROTOTYPES = YES;
				CLANG_WARN_SUSPICIOUS_MOVE = YES;
				CLANG_WARN_UNGUARDED_AVAILABILITY = YES_AGGRESSIVE;
				CLANG_WARN_UNREACHABLE_CODE = YES;
				CLANG_WARN__DUPLICATE_METHOD_MATCH = YES;
				COPY_PHASE_STRIP = NO;
				DEBUG_INFORMATION_FORMAT = "dwarf-with-dsym";
				ENABLE_NS_ASSERTIONS = NO;
				ENABLE_STRICT_OBJC_MSGSEND = YES;
				GCC_C_LANGUAGE_STANDARD = gnu11;
				GCC_NO_COMMON_BLOCKS = YES;
				GCC_WARN_64_TO_32_BIT_CONVERSION = YES;
				GCC_WARN_ABOUT_RETURN_TYPE = YES_ERROR;
				GCC_WARN_UNDECLARED_SELECTOR = YES;
				GCC_WARN_UNINITIALIZED_AUTOS = YES_AGGRESSIVE;
				GCC_WARN_UNUSED_FUNCTION = YES;
				GCC_WARN_UNUSED_VARIABLE = YES;
				IPHONEOS_DEPLOYMENT_TARGET = 13.0;
				MTL_ENABLE_DEBUG_INFO = NO;
				MTL_FAST_MATH = YES;
				SDKROOT = iphoneos;
				SWIFT_COMPILATION_MODE = wholemodule;
				SWIFT_OPTIMIZATION_LEVEL = "-O";
				VALIDATE_PRODUCT = YES;
			};
			name = Release;
		};
		A87D70B72700BBB500C723F9 /* Debug */ = {
			isa = XCBuildConfiguration;
			baseConfigurationReference = 1D2A30A922B06693196FA95D /* Pods-KeepIt-iOS.debug.xcconfig */;
			buildSettings = {
				ASSETCATALOG_COMPILER_APPICON_NAME = AppIcon;
				ASSETCATALOG_COMPILER_GLOBAL_ACCENT_COLOR_NAME = AccentColor;
				CODE_SIGN_STYLE = Automatic;
				DEVELOPMENT_TEAM = ZMXTCSPNUZ;
				INFOPLIST_FILE = "KeepIt-iOS/Info.plist";
				LD_RUNPATH_SEARCH_PATHS = (
					"$(inherited)",
					"@executable_path/Frameworks",
				);
				PRODUCT_BUNDLE_IDENTIFIER = "com.itlearning.KeepIt-iOS";
				PRODUCT_NAME = "$(TARGET_NAME)";
				SWIFT_VERSION = 5.0;
				TARGETED_DEVICE_FAMILY = "1,2";
			};
			name = Debug;
		};
		A87D70B82700BBB500C723F9 /* Release */ = {
			isa = XCBuildConfiguration;
			baseConfigurationReference = D522776951E35174FCE0CA39 /* Pods-KeepIt-iOS.release.xcconfig */;
			buildSettings = {
				ASSETCATALOG_COMPILER_APPICON_NAME = AppIcon;
				ASSETCATALOG_COMPILER_GLOBAL_ACCENT_COLOR_NAME = AccentColor;
				CODE_SIGN_STYLE = Automatic;
				DEVELOPMENT_TEAM = ZMXTCSPNUZ;
				INFOPLIST_FILE = "KeepIt-iOS/Info.plist";
				LD_RUNPATH_SEARCH_PATHS = (
					"$(inherited)",
					"@executable_path/Frameworks",
				);
				PRODUCT_BUNDLE_IDENTIFIER = "com.itlearning.KeepIt-iOS";
				PRODUCT_NAME = "$(TARGET_NAME)";
				SWIFT_VERSION = 5.0;
				TARGETED_DEVICE_FAMILY = "1,2";
			};
			name = Release;
		};
/* End XCBuildConfiguration section */

/* Begin XCConfigurationList section */
		A87D709A2700BBB300C723F9 /* Build configuration list for PBXProject "KeepIt-iOS" */ = {
			isa = XCConfigurationList;
			buildConfigurations = (
				A87D70B42700BBB500C723F9 /* Debug */,
				A87D70B52700BBB500C723F9 /* Release */,
			);
			defaultConfigurationIsVisible = 0;
			defaultConfigurationName = Release;
		};
		A87D70B62700BBB500C723F9 /* Build configuration list for PBXNativeTarget "KeepIt-iOS" */ = {
			isa = XCConfigurationList;
			buildConfigurations = (
				A87D70B72700BBB500C723F9 /* Debug */,
				A87D70B82700BBB500C723F9 /* Release */,
			);
			defaultConfigurationIsVisible = 0;
			defaultConfigurationName = Release;
		};
/* End XCConfigurationList section */

/* Begin XCVersionGroup section */
		A87D70AB2700BBB300C723F9 /* KeepIt_iOS.xcdatamodeld */ = {
			isa = XCVersionGroup;
			children = (
				A87D70AC2700BBB300C723F9 /* KeepIt_iOS.xcdatamodel */,
			);
			currentVersion = A87D70AC2700BBB300C723F9 /* KeepIt_iOS.xcdatamodel */;
			path = KeepIt_iOS.xcdatamodeld;
			sourceTree = "<group>";
			versionGroupType = wrapper.xcdatamodel;
		};
/* End XCVersionGroup section */
	};
	rootObject = A87D70972700BBB300C723F9 /* Project object */;
}
